Microsoft Visual Studio Solution File, Format Version 12.00
# Visual Studio Version 17
VisualStudioVersion = 17.12.35527.113
MinimumVisualStudioVersion = 10.0.40219.1
Project("{FAE04EC0-301F-11D3-BF4B-00C04F79EFBC}") = "CarServiceMy.Host", "CarService2.Host\CarServiceMy.Host.csproj", "{6F3C6E3E-EFA0-4DEE-8A6E-FBFAC99B3CC2}"
EndProject
Project("{FAE04EC0-301F-11D3-BF4B-00C04F79EFBC}") = "CarServiceMy.BL", "CarService2.BL\CarServiceMy.BL.csproj", "{AD519AAF-FB14-4AE2-BEBC-CC8099ABFBA4}"
EndProject
Project("{FAE04EC0-301F-11D3-BF4B-00C04F79EFBC}") = "CarServiceMy.DL", "CarService2.DL\CarServiceMy.DL.csproj", "{8A398BD4-BC46-4F9B-9547-A2B3BF86385D}"
EndProject
Project("{FAE04EC0-301F-11D3-BF4B-00C04F79EFBC}") = "CarServiceMy.Models", "CarService2.Models\CarServiceMy.Models.csproj", "{4C260863-CECD-43D5-8F5C-8800362FE245}"
EndProject
Global
	GlobalSection(SolutionConfigurationPlatforms) = preSolution
		Debug|Any CPU = Debug|Any CPU
		Release|Any CPU = Release|Any CPU
	EndGlobalSection
	GlobalSection(ProjectConfigurationPlatforms) = postSolution
		{6F3C6E3E-EFA0-4DEE-8A6E-FBFAC99B3CC2}.Debug|Any CPU.ActiveCfg = Debug|Any CPU
		{6F3C6E3E-EFA0-4DEE-8A6E-FBFAC99B3CC2}.Debug|Any CPU.Build.0 = Debug|Any CPU
		{6F3C6E3E-EFA0-4DEE-8A6E-FBFAC99B3CC2}.Release|Any CPU.ActiveCfg = Release|Any CPU
		{6F3C6E3E-EFA0-4DEE-8A6E-FBFAC99B3CC2}.Release|Any CPU.Build.0 = Release|Any CPU
		{AD519AAF-FB14-4AE2-BEBC-CC8099ABFBA4}.Debug|Any CPU.ActiveCfg = Debug|Any CPU
		{AD519AAF-FB14-4AE2-BEBC-CC8099ABFBA4}.Debug|Any CPU.Build.0 = Debug|Any CPU
		{AD519AAF-FB14-4AE2-BEBC-CC8099ABFBA4}.Release|Any CPU.ActiveCfg = Release|Any CPU
		{AD519AAF-FB14-4AE2-BEBC-CC8099ABFBA4}.Release|Any CPU.Build.0 = Release|Any CPU
		{8A398BD4-BC46-4F9B-9547-A2B3BF86385D}.Debug|Any CPU.ActiveCfg = Debug|Any CPU
		{8A398BD4-BC46-4F9B-9547-A2B3BF86385D}.Debug|Any CPU.Build.0 = Debug|Any CPU
		{8A398BD4-BC46-4F9B-9547-A2B3BF86385D}.Release|Any CPU.ActiveCfg = Release|Any CPU
		{8A398BD4-BC46-4F9B-9547-A2B3BF86385D}.Release|Any CPU.Build.0 = Release|Any CPU
		{4C260863-CECD-43D5-8F5C-8800362FE245}.Debug|Any CPU.ActiveCfg = Debug|Any CPU
		{4C260863-CECD-43D5-8F5C-8800362FE245}.Debug|Any CPU.Build.0 = Debug|Any CPU
		{4C260863-CECD-43D5-8F5C-8800362FE245}.Release|Any CPU.ActiveCfg = Release|Any CPU
		{4C260863-CECD-43D5-8F5C-8800362FE245}.Release|Any CPU.Build.0 = Release|Any CPU
	EndGlobalSection
	GlobalSection(SolutionProperties) = preSolution
		HideSolutionNode = FALSE
	EndGlobalSection
	GlobalSection(ExtensibilityGlobals) = postSolution
		SolutionGuid = {6F27112D-DBF7-48B5-81FD-38F278ECE9AA}
	EndGlobalSection
EndGlobal